{
  "nodes": {
    "nixpkgs": {
      "locked": {
        "lastModified": 1782847189,
        "narHash": "sha256-twXPFqFsrrY5r28Zh7Homgcp2gUMBgQ6WDS98Q/3xFI=",
        "owner": "NixOS",
        "repo": "nixpkgs",
        "rev": "b6018f87da91d19d0ab4cf979885689b469cdd41",
        "type": "github"
      },
      "original": {
        "owner": "NixOS",
        "ref": "nixos-25.11",
        "repo": "nixpkgs",
        "type": "github"
      }
    },
    "nixpkgs_2": {
      "locked": {
        "lastModified": 1783522502,
        "narHash": "sha256-iffAls3iaNTyJC2faYcUXSI+Gp02cDjYl+MygxKl2GI=",
        "owner": "NixOS",
        "repo": "nixpkgs",
        "rev": "0bb7ec54c8483066ec9d7720e780a5caa71f8612",
        "type": "github"
      },
      "original": {
        "owner": "NixOS",
        "ref": "nixos-unstable",
        "repo": "nixpkgs",
        "type": "github"
      }
    },
    "nixpkgs_3": {
      "locked": {
        "lastModified": 1744536153,
        "narHash": "sha256-awS2zRgF4uTwrOKwwiJcByDzDOdo3Q1rPZbiHQg/N38=",
        "owner": "NixOS",
        "repo": "nixpkgs",
        "rev": "18dd725c29603f582cf1900e0d25f9f1063dbf11",
        "type": "github"
      },
      "original": {
        "owner": "NixOS",
        "ref": "nixpkgs-unstable",
        "repo": "nixpkgs",
        "type": "github"
      }
    },
    "nixpkgs_4": {
      "locked": {
        "lastModified": 1766651565,
        "narHash": "sha256-QEhk0eXgyIqTpJ/ehZKg9IKS7EtlWxF3N7DXy42zPfU=",
        "owner": "NixOS",
        "repo": "nixpkgs",
        "rev": "3e2499d5539c16d0d173ba53552a4ff8547f4539",
        "type": "github"
      },
      "original": {
        "owner": "NixOS",
        "ref": "nixos-unstable",
        "repo": "nixpkgs",
        "type": "github"
      }
    },
    "nixpkgs_5": {
      "locked": {
        "lastModified": 1744536153,
        "narHash": "sha256-awS2zRgF4uTwrOKwwiJcByDzDOdo3Q1rPZbiHQg/N38=",
        "owner": "NixOS",
        "repo": "nixpkgs",
        "rev": "18dd725c29603f582cf1900e0d25f9f1063dbf11",
        "type": "github"
      },
      "original": {
        "owner": "NixOS",
        "ref": "nixpkgs-unstable",
        "repo": "nixpkgs",
        "type": "github"
      }
    },
    "raa": {
      "inputs": {
        "nixpkgs": "nixpkgs_2",
        "rust-overlay": "rust-overlay"
      },
      "locked": {
        "lastModified": 1783798430,
        "narHash": "sha256-J3ijVR2ZOIIStDDWLMXYxUru2/xDEnBRXk8yxE5u4vQ=",
        "owner": "istipisti113",
        "repo": "rust_ai_assistant",
        "rev": "5836c76b0bbfc322ed40d19b7e0a11c747454ee5",
        "type": "github"
      },
      "original": {
        "owner": "istipisti113",
        "repo": "rust_ai_assistant",
        "type": "github"
      }
    },
    "root": {
      "inputs": {
        "nixpkgs": "nixpkgs",
        "raa": "raa",
        "synapse": "synapse"
      }
    },
    "rust-overlay": {
      "inputs": {
        "nixpkgs": "nixpkgs_3"
      },
      "locked": {
        "lastModified": 1780975129,
        "narHash": "sha256-428T1pLXnbVeUgZx2wWEkbvl3ZORjras34ANZ3ACp5A=",
        "owner": "oxalica",
        "repo": "rust-overlay",
        "rev": "fe64e6b409dc513274d2941f8da13bbd0fdcf44e",
        "type": "github"
      },
      "original": {
        "owner": "oxalica",
        "repo": "rust-overlay",
        "type": "github"
      }
    },
    "rust-overlay_2": {
      "inputs": {
        "nixpkgs": "nixpkgs_5"
      },
      "locked": {
        "lastModified": 1766803264,
        "narHash": "sha256-eGK6He8BR6L7N73kyyjz/vGxZX1Usnr8Gwfs3D18KgE=",
        "owner": "oxalica",
        "repo": "rust-overlay",
        "rev": "6b5c52313aaf3f3e1a0a6757bb89846edfb5195c",
        "type": "github"
      },
      "original": {
        "owner": "oxalica",
        "repo": "rust-overlay",
        "type": "github"
      }
    },
    "synapse": {
      "inputs": {
        "nixpkgs": "nixpkgs_4",
        "rust-overlay": "rust-overlay_2"
      },
      "locked": {
        "lastModified": 1773852226,
        "narHash": "sha256-OXjQIIbvG1WqqxOm2GOgiAFcOMmhmJMOtnfLkFcxhlE=",
        "owner": "istipisti113",
        "repo": "synapse",
        "rev": "159a58a677f507b23dc85c9f60ea8c90fcd5958d",
        "type": "github"
      },
      "original": {
        "owner": "istipisti113",
        "repo": "synapse",
        "type": "github"
      }
    }
  },
  "root": "root",
  "version": 7
}
